
Microsoft Visual Studio Solution File, Format Version 12.00
# Visual Studio Version 16
VisualStudioVersion = 16.0.29411.108
MinimumVisualStudioVersion = 10.0.40219.1
Project("{FAE04EC0-301F-11D3-BF4B-00C04F79EFBC}") = "Database Tesing", "Database Tesing.csproj", "{64D5C0E0-EB62-4B1A-854B-BA8FE405D55C}"
EndProject
Global
	GlobalSection(SolutionConfigurationPlatforms) = preSolution
		Debug|Any CPU = Debug|Any CPU
		Release|Any CPU = Release|Any CPU
	EndGlobalSection
	GlobalSection(ProjectConfigurationPlatforms) = postSolution
		{64D5C0E0-EB62-4B1A-854B-BA8FE405D55C}.Debug|Any CPU.ActiveCfg = Debug|Any CPU
		{64D5C0E0-EB62-4B1A-854B-BA8FE405D55C}.Debug|Any CPU.Build.0 = Debug|Any CPU
		{64D5C0E0-EB62-4B1A-854B-BA8FE405D55C}.Release|Any CPU.ActiveCfg = Release|Any CPU
		{64D5C0E0-EB62-4B1A-854B-BA8FE405D55C}.Release|Any CPU.Build.0 = Release|Any CPU
	EndGlobalSection
	GlobalSection(SolutionProperties) = preSolution
		HideSolutionNode = FALSE
	EndGlobalSection
	GlobalSection(ExtensibilityGlobals) = postSolution
		SolutionGuid = {98C42955-61F9-430E-A008-30E7D5997D0A}
	EndGlobalSection
EndGlobal
